
Microsoft Visual Studio Solution File, Format Version 12.00
# Visual Studio Version 16
VisualStudioVersion = 25.0.1706.14
MinimumVisualStudioVersion = 10.0.40219.1
Project("{FAE04EC0-301F-11D3-BF4B-00C04F79EFBC}") = "WeatherApp", "WeatherApp.csproj", "{5C9EB1EB-7EA9-459B-9B50-C7CE83FE02DB}"
EndProject
Global
	GlobalSection(SolutionConfigurationPlatforms) = preSolution
		Debug|Any CPU = Debug|Any CPU
		Release|Any CPU = Release|Any CPU
	EndGlobalSection
	GlobalSection(ProjectConfigurationPlatforms) = postSolution
		{5C9EB1EB-7EA9-459B-9B50-C7CE83FE02DB}.Debug|Any CPU.ActiveCfg = Debug|Any CPU
		{5C9EB1EB-7EA9-459B-9B50-C7CE83FE02DB}.Debug|Any CPU.Build.0 = Debug|Any CPU
		{5C9EB1EB-7EA9-459B-9B50-C7CE83FE02DB}.Release|Any CPU.ActiveCfg = Release|Any CPU
		{5C9EB1EB-7EA9-459B-9B50-C7CE83FE02DB}.Release|Any CPU.Build.0 = Release|Any CPU
	EndGlobalSection
	GlobalSection(SolutionProperties) = preSolution
		HideSolutionNode = FALSE
	EndGlobalSection
	GlobalSection(ExtensibilityGlobals) = postSolution
		SolutionGuid = {C2DF5C69-FAF7-46D7-8250-F018A1B8C341}
	EndGlobalSection
EndGlobal
